// !$*UTF8*$!
{
	archiveVersion = 1;
	classes = {
	};
	objectVersion = 46;
	objects = {

/* Begin PBXBuildFile section */
		0D4CCD381B434D12005F6C2D /* Main.storyboard in Resources */ = {isa = PBXBuildFile; fileRef = 0D4CCD371B434D12005F6C2D /* Main.storyboard */; };
		ED17AC101B41E73B00115C86 /* GameModeViewController.m in Sources */ = {isa = PBXBuildFile; fileRef = ED17AC0F1B41E73B00115C86 /* GameModeViewController.m */; };
		ED17AC131B41E75200115C86 /* PatternViewController.m in Sources */ = {isa = PBXBuildFile; fileRef = ED17AC121B41E75200115C86 /* PatternViewController.m */; };
		ED17AC161B41E75C00115C86 /* MultiplyViewController.m in Sources */ = {isa = PBXBuildFile; fileRef = ED17AC151B41E75C00115C86 /* MultiplyViewController.m */; };
		ED17AC191B41E76200115C86 /* AddViewController.m in Sources */ = {isa = PBXBuildFile; fileRef = ED17AC181B41E76200115C86 /* AddViewController.m */; };
		ED17AC1C1B41E78100115C86 /* GameViewController.m in Sources */ = {isa = PBXBuildFile; fileRef = ED17AC1B1B41E78100115C86 /* GameViewController.m */; };
		ED8258F01B41C43B006BB50E /* main.m in Sources */ = {isa = PBXBuildFile; fileRef = ED8258EF1B41C43B006BB50E /* main.m */; };
		ED8258F31B41C43B006BB50E /* AppDelegate.m in Sources */ = {isa = PBXBuildFile; fileRef = ED8258F21B41C43B006BB50E /* AppDelegate.m */; };
		ED8258F61B41C43B006BB50E /* ViewController.m in Sources */ = {isa = PBXBuildFile; fileRef = ED8258F51B41C43B006BB50E /* ViewController.m */; };
		ED8258FB1B41C43B006BB50E /* Images.xcassets in Resources */ = {isa = PBXBuildFile; fileRef = ED8258FA1B41C43B006BB50E /* Images.xcassets */; };
		ED8258FE1B41C43B006BB50E /* LaunchScreen.xib in Resources */ = {isa = PBXBuildFile; fileRef = ED8258FC1B41C43B006BB50E /* LaunchScreen.xib */; };
		ED82590A1B41C43B006BB50E /* CountOnMeTests.m in Sources */ = {isa = PBXBuildFile; fileRef = ED8259091B41C43B006BB50E /* CountOnMeTests.m */; };
/* End PBXBuildFile section */

/* Begin PBXContainerItemProxy section */
		ED8259041B41C43B006BB50E /* PBXContainerItemProxy */ = {
			isa = PBXContainerItemProxy;
			containerPortal = ED8258E21B41C43B006BB50E /* Project object */;
			proxyType = 1;
			remoteGlobalIDString = ED8258E91B41C43B006BB50E;
			remoteInfo = CountOnMe;
		};
/* End PBXContainerItemProxy section */

/* Begin PBXFileReference section */
		0D4CCD371B434D12005F6C2D /* Main.storyboard */ = {isa = PBXFileReference; fileEncoding = 4; lastKnownFileType = file.storyboard; path = Main.storyboard; sourceTree = "<group>"; };
		ED17AC0E1B41E73B00115C86 /* GameModeViewController.h */ = {isa = PBXFileReference; fileEncoding = 4; lastKnownFileType = sourcecode.c.h; path = GameModeViewController.h; sourceTree = "<group>"; };
		ED17AC0F1B41E73B00115C86 /* GameModeViewController.m */ = {isa = PBXFileReference; fileEncoding = 4; lastKnownFileType = sourcecode.c.objc; path = GameModeViewController.m; sourceTree = "<group>"; };
		ED17AC111B41E75200115C86 /* PatternViewController.h */ = {isa = PBXFileReference; fileEncoding = 4; lastKnownFileType = sourcecode.c.h; path = PatternViewController.h; sourceTree = "<group>"; };
		ED17AC121B41E75200115C86 /* PatternViewController.m */ = {isa = PBXFileReference; fileEncoding = 4; lastKnownFileType = sourcecode.c.objc; path = PatternViewController.m; sourceTree = "<group>"; };
		ED17AC141B41E75C00115C86 /* MultiplyViewController.h */ = {isa = PBXFileReference; fileEncoding = 4; lastKnownFileType = sourcecode.c.h; path = MultiplyViewController.h; sourceTree = "<group>"; };
		ED17AC151B41E75C00115C86 /* MultiplyViewController.m */ = {isa = PBXFileReference; fileEncoding = 4; lastKnownFileType = sourcecode.c.objc; path = MultiplyViewController.m; sourceTree = "<group>"; };
		ED17AC171B41E76200115C86 /* AddViewController.h */ = {isa = PBXFileReference; fileEncoding = 4; lastKnownFileType = sourcecode.c.h; path = AddViewController.h; sourceTree = "<group>"; };
		ED17AC181B41E76200115C86 /* AddViewController.m */ = {isa = PBXFileReference; fileEncoding = 4; lastKnownFileType = sourcecode.c.objc; path = AddViewController.m; sourceTree = "<group>"; };
		ED17AC1A1B41E78100115C86 /* GameViewController.h */ = {isa = PBXFileReference; fileEncoding = 4; lastKnownFileType = sourcecode.c.h; path = GameViewController.h; sourceTree = "<group>"; };
		ED17AC1B1B41E78100115C86 /* GameViewController.m */ = {isa = PBXFileReference; fileEncoding = 4; lastKnownFileType = sourcecode.c.objc; path = GameViewController.m; sourceTree = "<group>"; };
		ED8258EA1B41C43B006BB50E /* CountOnMe.app */ = {isa = PBXFileReference; explicitFileType = wrapper.application; includeInIndex = 0; path = CountOnMe.app; sourceTree = BUILT_PRODUCTS_DIR; };
		ED8258EE1B41C43B006BB50E /* Info.plist */ = {isa = PBXFileReference; lastKnownFileType = text.plist.xml; path = Info.plist; sourceTree = "<group>"; };
		ED8258EF1B41C43B006BB50E /* main.m */ = {isa = PBXFileReference; lastKnownFileType = sourcecode.c.objc; path = main.m; sourceTree = "<group>"; };
		ED8258F11B41C43B006BB50E /* AppDelegate.h */ = {isa = PBXFileReference; lastKnownFileType = sourcecode.c.h; path = AppDelegate.h; sourceTree = "<group>"; };
		ED8258F21B41C43B006BB50E /* AppDelegate.m */ = {isa = PBXFileReference; lastKnownFileType = sourcecode.c.objc; path = AppDelegate.m; sourceTree = "<group>"; };
		ED8258F41B41C43B006BB50E /* ViewController.h */ = {isa = PBXFileReference; lastKnownFileType = sourcecode.c.h; path = ViewController.h; sourceTree = "<group>"; };
		ED8258F51B41C43B006BB50E /* ViewController.m */ = {isa = PBXFileReference; lastKnownFileType = sourcecode.c.objc; path = ViewController.m; sourceTree = "<group>"; };
		ED8258FA1B41C43B006BB50E /* Images.xcassets */ = {isa = PBXFileReference; lastKnownFileType = folder.assetcatalog; path = Images.xcassets; sourceTree = "<group>"; };
		ED8258FD1B41C43B006BB50E /* Base */ = {isa = PBXFileReference; lastKnownFileType = file.xib; name = Base; path = Base.lproj/LaunchScreen.xib; sourceTree = "<group>"; };
		ED8259031B41C43B006BB50E /* CountOnMeTests.xctest */ = {isa = PBXFileReference; explicitFileType = wrapper.cfbundle; includeInIndex = 0; path = CountOnMeTests.xctest; sourceTree = BUILT_PRODUCTS_DIR; };
		ED8259081B41C43B006BB50E /* Info.plist */ = {isa = PBXFileReference; lastKnownFileType = text.plist.xml; path = Info.plist; sourceTree = "<group>"; };
		ED8259091B41C43B006BB50E /* CountOnMeTests.m */ = {isa = PBXFileReference; lastKnownFileType = sourcecode.c.objc; path = CountOnMeTests.m; sourceTree = "<group>"; };
/* End PBXFileReference section */

/* Begin PBXFrameworksBuildPhase section */
		ED8258E71B41C43B006BB50E /* Frameworks */ = {
			isa = PBXFrameworksBuildPhase;
			buildActionMask = 2147483647;
			files = (
			);
			runOnlyForDeploymentPostprocessing = 0;
		};
		ED8259001B41C43B006BB50E /* Frameworks */ = {
			isa = PBXFrameworksBuildPhase;
			buildActionMask = 2147483647;
			files = (
			);
			runOnlyForDeploymentPostprocessing = 0;
		};
/* End PBXFrameworksBuildPhase section */

/* Begin PBXGroup section */
		ED8258E11B41C43B006BB50E = {
			isa = PBXGroup;
			children = (
				ED8258EC1B41C43B006BB50E /* CountOnMe */,
				ED8259061B41C43B006BB50E /* CountOnMeTests */,
				ED8258EB1B41C43B006BB50E /* Products */,
			);
			sourceTree = "<group>";
		};
		ED8258EB1B41C43B006BB50E /* Products */ = {
			isa = PBXGroup;
			children = (
				ED8258EA1B41C43B006BB50E /* CountOnMe.app */,
				ED8259031B41C43B006BB50E /* CountOnMeTests.xctest */,
			);
			name = Products;
			sourceTree = "<group>";
		};
		ED8258EC1B41C43B006BB50E /* CountOnMe */ = {
			isa = PBXGroup;
			children = (
				ED8258F11B41C43B006BB50E /* AppDelegate.h */,
				ED8258F21B41C43B006BB50E /* AppDelegate.m */,
				ED8258F41B41C43B006BB50E /* ViewController.h */,
				ED8258F51B41C43B006BB50E /* ViewController.m */,
				0D4CCD371B434D12005F6C2D /* Main.storyboard */,
				ED17AC1A1B41E78100115C86 /* GameViewController.h */,
				ED17AC1B1B41E78100115C86 /* GameViewController.m */,
				ED17AC111B41E75200115C86 /* PatternViewController.h */,
				ED17AC121B41E75200115C86 /* PatternViewController.m */,
				ED17AC141B41E75C00115C86 /* MultiplyViewController.h */,
				ED17AC151B41E75C00115C86 /* MultiplyViewController.m */,
				ED17AC171B41E76200115C86 /* AddViewController.h */,
				ED17AC181B41E76200115C86 /* AddViewController.m */,
				ED17AC0E1B41E73B00115C86 /* GameModeViewController.h */,
				ED17AC0F1B41E73B00115C86 /* GameModeViewController.m */,
				ED8258FA1B41C43B006BB50E /* Images.xcassets */,
				ED8258FC1B41C43B006BB50E /* LaunchScreen.xib */,
				ED8258ED1B41C43B006BB50E /* Supporting Files */,
			);
			path = CountOnMe;
			sourceTree = "<group>";
		};
		ED8258ED1B41C43B006BB50E /* Supporting Files */ = {
			isa = PBXGroup;
			children = (
				ED8258EE1B41C43B006BB50E /* Info.plist */,
				ED8258EF1B41C43B006BB50E /* main.m */,
			);
			name = "Supporting Files";
			sourceTree = "<group>";
		};
		ED8259061B41C43B006BB50E /* CountOnMeTests */ = {
			isa = PBXGroup;
			children = (
				ED8259091B41C43B006BB50E /* CountOnMeTests.m */,
				ED8259071B41C43B006BB50E /* Supporting Files */,
			);
			path = CountOnMeTests;
			sourceTree = "<group>";
		};
		ED8259071B41C43B006BB50E /* Supporting Files */ = {
			isa = PBXGroup;
			children = (
				ED8259081B41C43B006BB50E /* Info.plist */,
			);
			name = "Supporting Files";
			sourceTree = "<group>";
		};
/* End PBXGroup section */

/* Begin PBXNativeTarget section */
		ED8258E91B41C43B006BB50E /* CountOnMe */ = {
			isa = PBXNativeTarget;
			buildConfigurationList = ED82590D1B41C43B006BB50E /* Build configuration list for PBXNativeTarget "CountOnMe" */;
			buildPhases = (
				ED8258E61B41C43B006BB50E /* Sources */,
				ED8258E71B41C43B006BB50E /* Frameworks */,
				ED8258E81B41C43B006BB50E /* Resources */,
			);
			buildRules = (
			);
			dependencies = (
			);
			name = CountOnMe;
			productName = CountOnMe;
			productReference = ED8258EA1B41C43B006BB50E /* CountOnMe.app */;
			productType = "com.apple.product-type.application";
		};
		ED8259021B41C43B006BB50E /* CountOnMeTests */ = {
			isa = PBXNativeTarget;
			buildConfigurationList = ED8259101B41C43B006BB50E /* Build configuration list for PBXNativeTarget "CountOnMeTests" */;
			buildPhases = (
				ED8258FF1B41C43B006BB50E /* Sources */,
				ED8259001B41C43B006BB50E /* Frameworks */,
				ED8259011B41C43B006BB50E /* Resources */,
			);
			buildRules = (
			);
			dependencies = (
				ED8259051B41C43B006BB50E /* PBXTargetDependency */,
			);
			name = CountOnMeTests;
			productName = CountOnMeTests;
			productReference = ED8259031B41C43B006BB50E /* CountOnMeTests.xctest */;
			productType = "com.apple.product-type.bundle.unit-test";
		};
/* End PBXNativeTarget section */

/* Begin PBXProject section */
		ED8258E21B41C43B006BB50E /* Project object */ = {
			isa = PBXProject;
			attributes = {
				LastUpgradeCheck = 0630;
				ORGANIZATIONNAME = "Pooja Kathail";
				TargetAttributes = {
					ED8258E91B41C43B006BB50E = {
						CreatedOnToolsVersion = 6.3.2;
					};
					ED8259021B41C43B006BB50E = {
						CreatedOnToolsVersion = 6.3.2;
						TestTargetID = ED8258E91B41C43B006BB50E;
					};
				};
			};
			buildConfigurationList = ED8258E51B41C43B006BB50E /* Build configuration list for PBXProject "CountOnMe" */;
			compatibilityVersion = "Xcode 3.2";
			developmentRegion = English;
			hasScannedForEncodings = 0;
			knownRegions = (
				en,
				Base,
			);
			mainGroup = ED8258E11B41C43B006BB50E;
			productRefGroup = ED8258EB1B41C43B006BB50E /* Products */;
			projectDirPath = "";
			projectRoot = "";
			targets = (
				ED8258E91B41C43B006BB50E /* CountOnMe */,
				ED8259021B41C43B006BB50E /* CountOnMeTests */,
			);
		};
/* End PBXProject section */

/* Begin PBXResourcesBuildPhase section */
		ED8258E81B41C43B006BB50E /* Resources */ = {
			isa = PBXResourcesBuildPhase;
			buildActionMask = 2147483647;
			files = (
				ED8258FE1B41C43B006BB50E /* LaunchScreen.xib in Resources */,
				ED8258FB1B41C43B006BB50E /* Images.xcassets in Resources */,
				0D4CCD381B434D12005F6C2D /* Main.storyboard in Resources */,
			);
			runOnlyForDeploymentPostprocessing = 0;
		};
		ED8259011B41C43B006BB50E /* Resources */ = {
			isa = PBXResourcesBuildPhase;
			buildActionMask = 2147483647;
			files = (
			);
			runOnlyForDeploymentPostprocessing = 0;
		};
/* End PBXResourcesBuildPhase section */

/* Begin PBXSourcesBuildPhase section */
		ED8258E61B41C43B006BB50E /* Sources */ = {
			isa = PBXSourcesBuildPhase;
			buildActionMask = 2147483647;
			files = (
				ED17AC1C1B41E78100115C86 /* GameViewController.m in Sources */,
				ED8258F61B41C43B006BB50E /* ViewController.m in Sources */,
				ED17AC101B41E73B00115C86 /* GameModeViewController.m in Sources */,
				ED17AC161B41E75C00115C86 /* MultiplyViewController.m in Sources */,
				ED17AC191B41E76200115C86 /* AddViewController.m in Sources */,
				ED8258F31B41C43B006BB50E /* AppDelegate.m in Sources */,
				ED8258F01B41C43B006BB50E /* main.m in Sources */,
				ED17AC131B41E75200115C86 /* PatternViewController.m in Sources */,
			);
			runOnlyForDeploymentPostprocessing = 0;
		};
		ED8258FF1B41C43B006BB50E /* Sources */ = {
			isa = PBXSourcesBuildPhase;
			buildActionMask = 2147483647;
			files = (
				ED82590A1B41C43B006BB50E /* CountOnMeTests.m in Sources */,
			);
			runOnlyForDeploymentPostprocessing = 0;
		};
/* End PBXSourcesBuildPhase section */

/* Begin PBXTargetDependency section */
		ED8259051B41C43B006BB50E /* PBXTargetDependency */ = {
			isa = PBXTargetDependency;
			target = ED8258E91B41C43B006BB50E /* CountOnMe */;
			targetProxy = ED8259041B41C43B006BB50E /* PBXContainerItemProxy */;
		};
/* End PBXTargetDependency section */

/* Begin PBXVariantGroup section */
		ED8258FC1B41C43B006BB50E /* LaunchScreen.xib */ = {
			isa = PBXVariantGroup;
			children = (
				ED8258FD1B41C43B006BB50E /* Base */,
			);
			name = LaunchScreen.xib;
			sourceTree = "<group>";
		};
/* End PBXVariantGroup section */

/* Begin XCBuildConfiguration section */
		ED82590B1B41C43B006BB50E /* Debug */ = {
			isa = XCBuildConfiguration;
			buildSettings = {
				ALWAYS_SEARCH_USER_PATHS = NO;
				CLANG_CXX_LANGUAGE_STANDARD = "gnu++0x";
				CLANG_CXX_LIBRARY = "libc++";
				CLANG_ENABLE_MODULES = YES;
				CLANG_ENABLE_OBJC_ARC = YES;
				CLANG_WARN_BOOL_CONVERSION = YES;
				CLANG_WARN_CONSTANT_CONVERSION = YES;
				CLANG_WARN_DIRECT_OBJC_ISA_USAGE = YES_ERROR;
				CLANG_WARN_EMPTY_BODY = YES;
				CLANG_WARN_ENUM_CONVERSION = YES;
				CLANG_WARN_INT_CONVERSION = YES;
				CLANG_WARN_OBJC_ROOT_CLASS = YES_ERROR;
				CLANG_WARN_UNREACHABLE_CODE = YES;
				CLANG_WARN__DUPLICATE_METHOD_MATCH = YES;
				"CODE_SIGN_IDENTITY[sdk=iphoneos*]" = "iPhone Developer";
				COPY_PHASE_STRIP = NO;
				DEBUG_INFORMATION_FORMAT = "dwarf-with-dsym";
				ENABLE_STRICT_OBJC_MSGSEND = YES;
				GCC_C_LANGUAGE_STANDARD = gnu99;
				GCC_DYNAMIC_NO_PIC = NO;
				GCC_NO_COMMON_BLOCKS = YES;
				GCC_OPTIMIZATION_LEVEL = 0;
				GCC_PREPROCESSOR_DEFINITIONS = (
					"DEBUG=1",
					"$(inherited)",
				);
				GCC_SYMBOLS_PRIVATE_EXTERN = NO;
				GCC_WARN_64_TO_32_BIT_CONVERSION = YES;
				GCC_WARN_ABOUT_RETURN_TYPE = YES_ERROR;
				GCC_WARN_UNDECLARED_SELECTOR = YES;
				GCC_WARN_UNINITIALIZED_AUTOS = YES_AGGRESSIVE;
				GCC_WARN_UNUSED_FUNCTION = YES;
				GCC_WARN_UNUSED_VARIABLE = YES;
				IPHONEOS_DEPLOYMENT_TARGET = 8.3;
				MTL_ENABLE_DEBUG_INFO = YES;
				ONLY_ACTIVE_ARCH = YES;
				SDKROOT = iphoneos;
				TARGETED_DEVICE_FAMILY = "1,2";
			};
			name = Debug;
		};
		ED82590C1B41C43B006BB50E /* Release */ = {
			isa = XCBuildConfiguration;
			buildSettings = {
				ALWAYS_SEARCH_USER_PATHS = NO;
				CLANG_CXX_LANGUAGE_STANDARD = "gnu++0x";
				CLANG_CXX_LIBRARY = "libc++";
				CLANG_ENABLE_MODULES = YES;
				CLANG_ENABLE_OBJC_ARC = YES;
				CLANG_WARN_BOOL_CONVERSION = YES;
				CLANG_WARN_CONSTANT_CONVERSION = YES;
				CLANG_WARN_DIRECT_OBJC_ISA_USAGE = YES_ERROR;
				CLANG_WARN_EMPTY_BODY = YES;
				CLANG_WARN_ENUM_CONVERSION = YES;
				CLANG_WARN_INT_CONVERSION = YES;
				CLANG_WARN_OBJC_ROOT_CLASS = YES_ERROR;
				CLANG_WARN_UNREACHABLE_CODE = YES;
				CLANG_WARN__DUPLICATE_METHOD_MATCH = YES;
				"CODE_SIGN_IDENTITY[sdk=iphoneos*]" = "iPhone Developer";
				COPY_PHASE_STRIP = NO;
				DEBUG_INFORMATION_FORMAT = "dwarf-with-dsym";
				ENABLE_NS_ASSERTIONS = NO;
				ENABLE_STRICT_OBJC_MSGSEND = YES;
				GCC_C_LANGUAGE_STANDARD = gnu99;
				GCC_NO_COMMON_BLOCKS = YES;
				GCC_WARN_64_TO_32_BIT_CONVERSION = YES;
				GCC_WARN_ABOUT_RETURN_TYPE = YES_ERROR;
				GCC_WARN_UNDECLARED_SELECTOR = YES;
				GCC_WARN_UNINITIALIZED_AUTOS = YES_AGGRESSIVE;
				GCC_WARN_UNUSED_FUNCTION = YES;
				GCC_WARN_UNUSED_VARIABLE = YES;
				IPHONEOS_DEPLOYMENT_TARGET = 8.3;
				MTL_ENABLE_DEBUG_INFO = NO;
				SDKROOT = iphoneos;
				TARGETED_DEVICE_FAMILY = "1,2";
				VALIDATE_PRODUCT = YES;
			};
			name = Release;
		};
		ED82590E1B41C43B006BB50E /* Debug */ = {
			isa = XCBuildConfiguration;
			buildSettings = {
				ASSETCATALOG_COMPILER_APPICON_NAME = AppIcon;
				INFOPLIST_FILE = CountOnMe/Info.plist;
				LD_RUNPATH_SEARCH_PATHS = "$(inherited) @executable_path/Frameworks";
				PRODUCT_NAME = "$(TARGET_NAME)";
			};
			name = Debug;
		};
		ED82590F1B41C43B006BB50E /* Release */ = {
			isa = XCBuildConfiguration;
			buildSettings = {
				ASSETCATALOG_COMPILER_APPICON_NAME = AppIcon;
				INFOPLIST_FILE = CountOnMe/Info.plist;
				LD_RUNPATH_SEARCH_PATHS = "$(inherited) @executable_path/Frameworks";
				PRODUCT_NAME = "$(TARGET_NAME)";
			};
			name = Release;
		};
		ED8259111B41C43B006BB50E /* Debug */ = {
			isa = XCBuildConfiguration;
			buildSettings = {
				BUNDLE_LOADER = "$(TEST_HOST)";
				FRAMEWORK_SEARCH_PATHS = (
					"$(SDKROOT)/Developer/Library/Frameworks",
					"$(inherited)",
				);
				GCC_PREPROCESSOR_DEFINITIONS = (
					"DEBUG=1",
					"$(inherited)",
				);
				INFOPLIST_FILE = CountOnMeTests/Info.plist;
				LD_RUNPATH_SEARCH_PATHS = "$(inherited) @executable_path/Frameworks @loader_path/Frameworks";
				PRODUCT_NAME = "$(TARGET_NAME)";
				TEST_HOST = "$(BUILT_PRODUCTS_DIR)/CountOnMe.app/CountOnMe";
			};
			name = Debug;
		};
		ED8259121B41C43B006BB50E /* Release */ = {
			isa = XCBuildConfiguration;
			buildSettings = {
				BUNDLE_LOADER = "$(TEST_HOST)";
				FRAMEWORK_SEARCH_PATHS = (
					"$(SDKROOT)/Developer/Library/Frameworks",
					"$(inherited)",
				);
				INFOPLIST_FILE = CountOnMeTests/Info.plist;
				LD_RUNPATH_SEARCH_PATHS = "$(inherited) @executable_path/Frameworks @loader_path/Frameworks";
				PRODUCT_NAME = "$(TARGET_NAME)";
				TEST_HOST = "$(BUILT_PRODUCTS_DIR)/CountOnMe.app/CountOnMe";
			};
			name = Release;
		};
/* End XCBuildConfiguration section */

/* Begin XCConfigurationList section */
		ED8258E51B41C43B006BB50E /* Build configuration list for PBXProject "CountOnMe" */ = {
			isa = XCConfigurationList;
			buildConfigurations = (
				ED82590B1B41C43B006BB50E /* Debug */,
				ED82590C1B41C43B006BB50E /* Release */,
			);
			defaultConfigurationIsVisible = 0;
			defaultConfigurationName = Release;
		};
		ED82590D1B41C43B006BB50E /* Build configuration list for PBXNativeTarget "CountOnMe" */ = {
			isa = XCConfigurationList;
			buildConfigurations = (
				ED82590E1B41C43B006BB50E /* Debug */,
				ED82590F1B41C43B006BB50E /* Release */,
			);
			defaultConfigurationIsVisible = 0;
			defaultConfigurationName = Release;
		};
		ED8259101B41C43B006BB50E /* Build configuration list for PBXNativeTarget "CountOnMeTests" */ = {
			isa = XCConfigurationList;
			buildConfigurations = (
				ED8259111B41C43B006BB50E /* Debug */,
				ED8259121B41C43B006BB50E /* Release */,
			);
			defaultConfigurationIsVisible = 0;
			defaultConfigurationName = Release;
		};
/* End XCConfigurationList section */
	};
	rootObject = ED8258E21B41C43B006BB50E /* Project object */;
}
